
Microsoft Visual Studio Solution File, Format Version 12.00
# Visual Studio Version 17
VisualStudioVersion = 17.14.36327.8 d17.14
MinimumVisualStudioVersion = 10.0.40219.1
Project("{FAE04EC0-301F-11D3-BF4B-00C04F79EFBC}") = "ETU_test_task", "ETU_test_task\ETU_test_task.csproj", "{BEE4DFE7-EA61-4455-BE36-B4E3CB6436F1}"
EndProject
Global
	GlobalSection(SolutionConfigurationPlatforms) = preSolution
		Debug|Any CPU = Debug|Any CPU
		Release|Any CPU = Release|Any CPU
	EndGlobalSection
	GlobalSection(ProjectConfigurationPlatforms) = postSolution
		{BEE4DFE7-EA61-4455-BE36-B4E3CB6436F1}.Debug|Any CPU.ActiveCfg = Debug|Any CPU
		{BEE4DFE7-EA61-4455-BE36-B4E3CB6436F1}.Debug|Any CPU.Build.0 = Debug|Any CPU
		{BEE4DFE7-EA61-4455-BE36-B4E3CB6436F1}.Release|Any CPU.ActiveCfg = Release|Any CPU
		{BEE4DFE7-EA61-4455-BE36-B4E3CB6436F1}.Release|Any CPU.Build.0 = Release|Any CPU
	EndGlobalSection
	GlobalSection(SolutionProperties) = preSolution
		HideSolutionNode = FALSE
	EndGlobalSection
	GlobalSection(ExtensibilityGlobals) = postSolution
		SolutionGuid = {9793B546-0874-415A-BC3E-81A0AD0D5FB5}
	EndGlobalSection
EndGlobal
